// !$*UTF8*$!
{
	archiveVersion = 1;
	classes = {
	};
	objectVersion = 56;
	objects = {

/* Begin PBXBuildFile section */
		8D30336A2C03679C004E9F64 /* XRSharp.framework in Frameworks */ = {isa = PBXBuildFile; fileRef = 8D3033682C036798004E9F64 /* XRSharp.framework */; };
		8D30336B2C03679C004E9F64 /* XRSharp.framework in Embed Frameworks */ = {isa = PBXBuildFile; fileRef = 8D3033682C036798004E9F64 /* XRSharp.framework */; settings = {ATTRIBUTES = (CodeSignOnCopy, RemoveHeadersOnCopy, ); }; };
		8D339AF12BF9DABB002AE8ED /* RealityKitContent in Frameworks */ = {isa = PBXBuildFile; productRef = 8D339AF02BF9DABB002AE8ED /* RealityKitContent */; };
		8D339AF32BF9DABB002AE8ED /* XRSharpCalculatorApp.swift in Sources */ = {isa = PBXBuildFile; fileRef = 8D339AF22BF9DABB002AE8ED /* XRSharpCalculatorApp.swift */; };
		8D339AF92BF9DABC002AE8ED /* Assets.xcassets in Resources */ = {isa = PBXBuildFile; fileRef = 8D339AF82BF9DABC002AE8ED /* Assets.xcassets */; };
		8D339AFC2BF9DABC002AE8ED /* Preview Assets.xcassets in Resources */ = {isa = PBXBuildFile; fileRef = 8D339AFB2BF9DABC002AE8ED /* Preview Assets.xcassets */; };
		8DF43DC22BF9E7CE0010D829 /* Vapor in Frameworks */ = {isa = PBXBuildFile; productRef = 8DF43DC12BF9E7CE0010D829 /* Vapor */; };
		8DF43DC62BFA1E290010D829 /* Calculator in Resources */ = {isa = PBXBuildFile; fileRef = 8DF43DC52BFA1E290010D829 /* Calculator */; };
/* End PBXBuildFile section */

/* Begin PBXCopyFilesBuildPhase section */
		8D339B072BF9DC75002AE8ED /* Embed Frameworks */ = {
			isa = PBXCopyFilesBuildPhase;
			buildActionMask = 2147483647;
			dstPath = "";
			dstSubfolderSpec = 10;
			files = (
				8D30336B2C03679C004E9F64 /* XRSharp.framework in Embed Frameworks */,
			);
			name = "Embed Frameworks";
			runOnlyForDeploymentPostprocessing = 0;
		};
/* End PBXCopyFilesBuildPhase section */

/* Begin PBXFileReference section */
		8D3033682C036798004E9F64 /* XRSharp.framework */ = {isa = PBXFileReference; lastKnownFileType = wrapper.framework; path = XRSharp.framework; sourceTree = "<group>"; };
		8D339AEB2BF9DABB002AE8ED /* XRSharpCalculator.app */ = {isa = PBXFileReference; explicitFileType = wrapper.application; includeInIndex = 0; path = XRSharpCalculator.app; sourceTree = BUILT_PRODUCTS_DIR; };
		8D339AEF2BF9DABB002AE8ED /* RealityKitContent */ = {isa = PBXFileReference; lastKnownFileType = wrapper; path = RealityKitContent; sourceTree = "<group>"; };
		8D339AF22BF9DABB002AE8ED /* XRSharpCalculatorApp.swift */ = {isa = PBXFileReference; lastKnownFileType = sourcecode.swift; path = XRSharpCalculatorApp.swift; sourceTree = "<group>"; };
		8D339AF82BF9DABC002AE8ED /* Assets.xcassets */ = {isa = PBXFileReference; lastKnownFileType = folder.assetcatalog; path = Assets.xcassets; sourceTree = "<group>"; };
		8D339AFB2BF9DABC002AE8ED /* Preview Assets.xcassets */ = {isa = PBXFileReference; lastKnownFileType = folder.assetcatalog; path = "Preview Assets.xcassets"; sourceTree = "<group>"; };
		8D339AFD2BF9DABC002AE8ED /* Info.plist */ = {isa = PBXFileReference; lastKnownFileType = text.plist.xml; path = Info.plist; sourceTree = "<group>"; };
		8DF43DC52BFA1E290010D829 /* Calculator */ = {isa = PBXFileReference; lastKnownFileType = folder; path = Calculator; sourceTree = "<group>"; };
/* End PBXFileReference section */

/* Begin PBXFrameworksBuildPhase section */
		8D339AE82BF9DABB002AE8ED /* Frameworks */ = {
			isa = PBXFrameworksBuildPhase;
			buildActionMask = 2147483647;
			files = (
				8DF43DC22BF9E7CE0010D829 /* Vapor in Frameworks */,
				8D339AF12BF9DABB002AE8ED /* RealityKitContent in Frameworks */,
				8D30336A2C03679C004E9F64 /* XRSharp.framework in Frameworks */,
			);
			runOnlyForDeploymentPostprocessing = 0;
		};
/* End PBXFrameworksBuildPhase section */

/* Begin PBXGroup section */
		8D339AE22BF9DABB002AE8ED = {
			isa = PBXGroup;
			children = (
				8DF43DC52BFA1E290010D829 /* Calculator */,
				8D339AED2BF9DABB002AE8ED /* XRSharpCalculator */,
				8D339AEE2BF9DABB002AE8ED /* Packages */,
				8D339AEC2BF9DABB002AE8ED /* Products */,
				8D339B032BF9DC75002AE8ED /* Frameworks */,
			);
			sourceTree = "<group>";
		};
		8D339AEC2BF9DABB002AE8ED /* Products */ = {
			isa = PBXGroup;
			children = (
				8D339AEB2BF9DABB002AE8ED /* XRSharpCalculator.app */,
			);
			name = Products;
			sourceTree = "<group>";
		};
		8D339AED2BF9DABB002AE8ED /* XRSharpCalculator */ = {
			isa = PBXGroup;
			children = (
				8D339AF22BF9DABB002AE8ED /* XRSharpCalculatorApp.swift */,
				8D339AF82BF9DABC002AE8ED /* Assets.xcassets */,
				8D339AFD2BF9DABC002AE8ED /* Info.plist */,
				8D339AFA2BF9DABC002AE8ED /* Preview Content */,
			);
			path = XRSharpCalculator;
			sourceTree = "<group>";
		};
		8D339AEE2BF9DABB002AE8ED /* Packages */ = {
			isa = PBXGroup;
			children = (
				8D339AEF2BF9DABB002AE8ED /* RealityKitContent */,
			);
			path = Packages;
			sourceTree = "<group>";
		};
		8D339AFA2BF9DABC002AE8ED /* Preview Content */ = {
			isa = PBXGroup;
			children = (
				8D339AFB2BF9DABC002AE8ED /* Preview Assets.xcassets */,
			);
			path = "Preview Content";
			sourceTree = "<group>";
		};
		8D339B032BF9DC75002AE8ED /* Frameworks */ = {
			isa = PBXGroup;
			children = (
				8D3033682C036798004E9F64 /* XRSharp.framework */,
			);
			name = Frameworks;
			sourceTree = "<group>";
		};
/* End PBXGroup section */

/* Begin PBXNativeTarget section */
		8D339AEA2BF9DABB002AE8ED /* XRSharpCalculator */ = {
			isa = PBXNativeTarget;
			buildConfigurationList = 8D339B002BF9DABC002AE8ED /* Build configuration list for PBXNativeTarget "XRSharpCalculator" */;
			buildPhases = (
				8D339AE72BF9DABB002AE8ED /* Sources */,
				8D339AE82BF9DABB002AE8ED /* Frameworks */,
				8D339AE92BF9DABB002AE8ED /* Resources */,
				8D339B072BF9DC75002AE8ED /* Embed Frameworks */,
			);
			buildRules = (
			);
			dependencies = (
			);
			name = XRSharpCalculator;
			packageProductDependencies = (
				8D339AF02BF9DABB002AE8ED /* RealityKitContent */,
				8DF43DC12BF9E7CE0010D829 /* Vapor */,
			);
			productName = XRSharpCalculator;
			productReference = 8D339AEB2BF9DABB002AE8ED /* XRSharpCalculator.app */;
			productType = "com.apple.product-type.application";
		};
/* End PBXNativeTarget section */

/* Begin PBXProject section */
		8D339AE32BF9DABB002AE8ED /* Project object */ = {
			isa = PBXProject;
			attributes = {
				BuildIndependentTargetsInParallel = 1;
				LastSwiftUpdateCheck = 1520;
				LastUpgradeCheck = 1520;
				TargetAttributes = {
					8D339AEA2BF9DABB002AE8ED = {
						CreatedOnToolsVersion = 15.2;
					};
				};
			};
			buildConfigurationList = 8D339AE62BF9DABB002AE8ED /* Build configuration list for PBXProject "XRSharpCalculator" */;
			compatibilityVersion = "Xcode 14.0";
			developmentRegion = en;
			hasScannedForEncodings = 0;
			knownRegions = (
				en,
				Base,
			);
			mainGroup = 8D339AE22BF9DABB002AE8ED;
			packageReferences = (
				8DF43DC02BF9E7CE0010D829 /* XCRemoteSwiftPackageReference "vapor" */,
			);
			productRefGroup = 8D339AEC2BF9DABB002AE8ED /* Products */;
			projectDirPath = "";
			projectRoot = "";
			targets = (
				8D339AEA2BF9DABB002AE8ED /* XRSharpCalculator */,
			);
		};
/* End PBXProject section */

/* Begin PBXResourcesBuildPhase section */
		8D339AE92BF9DABB002AE8ED /* Resources */ = {
			isa = PBXResourcesBuildPhase;
			buildActionMask = 2147483647;
			files = (
				8DF43DC62BFA1E290010D829 /* Calculator in Resources */,
				8D339AFC2BF9DABC002AE8ED /* Preview Assets.xcassets in Resources */,
				8D339AF92BF9DABC002AE8ED /* Assets.xcassets in Resources */,
			);
			runOnlyForDeploymentPostprocessing = 0;
		};
/* End PBXResourcesBuildPhase section */

/* Begin PBXSourcesBuildPhase section */
		8D339AE72BF9DABB002AE8ED /* Sources */ = {
			isa = PBXSourcesBuildPhase;
			buildActionMask = 2147483647;
			files = (
				8D339AF32BF9DABB002AE8ED /* XRSharpCalculatorApp.swift in Sources */,
			);
			runOnlyForDeploymentPostprocessing = 0;
		};
/* End PBXSourcesBuildPhase section */

/* Begin XCBuildConfiguration section */
		8D339AFE2BF9DABC002AE8ED /* Debug */ = {
			isa = XCBuildConfiguration;
			buildSettings = {
				ALWAYS_SEARCH_USER_PATHS = NO;
				ASSETCATALOG_COMPILER_GENERATE_SWIFT_ASSET_SYMBOL_EXTENSIONS = YES;
				CLANG_ANALYZER_NONNULL = YES;
				CLANG_ANALYZER_NUMBER_OBJECT_CONVERSION = YES_AGGRESSIVE;
				CLANG_CXX_LANGUAGE_STANDARD = "gnu++20";
				CLANG_ENABLE_MODULES = YES;
				CLANG_ENABLE_OBJC_ARC = YES;
				CLANG_ENABLE_OBJC_WEAK = YES;
				CLANG_WARN_BLOCK_CAPTURE_AUTORELEASING = YES;
				CLANG_WARN_BOOL_CONVERSION = YES;
				CLANG_WARN_COMMA = YES;
				CLANG_WARN_CONSTANT_CONVERSION = YES;
				CLANG_WARN_DEPRECATED_OBJC_IMPLEMENTATIONS = YES;
				CLANG_WARN_DIRECT_OBJC_ISA_USAGE = YES_ERROR;
				CLANG_WARN_DOCUMENTATION_COMMENTS = YES;
				CLANG_WARN_EMPTY_BODY = YES;
				CLANG_WARN_ENUM_CONVERSION = YES;
				CLANG_WARN_INFINITE_RECURSION = YES;
				CLANG_WARN_INT_CONVERSION = YES;
				CLANG_WARN_NON_LITERAL_NULL_CONVERSION = YES;
				CLANG_WARN_OBJC_IMPLICIT_RETAIN_SELF = YES;
				CLANG_WARN_OBJC_LITERAL_CONVERSION = YES;
				CLANG_WARN_OBJC_ROOT_CLASS = YES_ERROR;
				CLANG_WARN_QUOTED_INCLUDE_IN_FRAMEWORK_HEADER = YES;
				CLANG_WARN_RANGE_LOOP_ANALYSIS = YES;
				CLANG_WARN_STRICT_PROTOTYPES = YES;
				CLANG_WARN_SUSPICIOUS_MOVE = YES;
				CLANG_WARN_UNGUARDED_AVAILABILITY = YES_AGGRESSIVE;
				CLANG_WARN_UNREACHABLE_CODE = YES;
				CLANG_WARN__DUPLICATE_METHOD_MATCH = YES;
				COPY_PHASE_STRIP = NO;
				DEBUG_INFORMATION_FORMAT = dwarf;
				ENABLE_STRICT_OBJC_MSGSEND = YES;
				ENABLE_TESTABILITY = YES;
				ENABLE_USER_SCRIPT_SANDBOXING = YES;
				GCC_C_LANGUAGE_STANDARD = gnu17;
				GCC_DYNAMIC_NO_PIC = NO;
				GCC_NO_COMMON_BLOCKS = YES;
				GCC_OPTIMIZATION_LEVEL = 0;
				GCC_PREPROCESSOR_DEFINITIONS = (
					"DEBUG=1",
					"$(inherited)",
				);
				GCC_WARN_64_TO_32_BIT_CONVERSION = YES;
				GCC_WARN_ABOUT_RETURN_TYPE = YES_ERROR;
				GCC_WARN_UNDECLARED_SELECTOR = YES;
				GCC_WARN_UNINITIALIZED_AUTOS = YES_AGGRESSIVE;
				GCC_WARN_UNUSED_FUNCTION = YES;
				GCC_WARN_UNUSED_VARIABLE = YES;
				LOCALIZATION_PREFERS_STRING_CATALOGS = YES;
				MTL_ENABLE_DEBUG_INFO = INCLUDE_SOURCE;
				MTL_FAST_MATH = YES;
				ONLY_ACTIVE_ARCH = YES;
				SDKROOT = xros;
				SWIFT_ACTIVE_COMPILATION_CONDITIONS = "DEBUG $(inherited)";
				SWIFT_OPTIMIZATION_LEVEL = "-Onone";
				XROS_DEPLOYMENT_TARGET = 1.0;
			};
			name = Debug;
		};
		8D339AFF2BF9DABC002AE8ED /* Release */ = {
			isa = XCBuildConfiguration;
			buildSettings = {
				ALWAYS_SEARCH_USER_PATHS = NO;
				ASSETCATALOG_COMPILER_GENERATE_SWIFT_ASSET_SYMBOL_EXTENSIONS = YES;
				CLANG_ANALYZER_NONNULL = YES;
				CLANG_ANALYZER_NUMBER_OBJECT_CONVERSION = YES_AGGRESSIVE;
				CLANG_CXX_LANGUAGE_STANDARD = "gnu++20";
				CLANG_ENABLE_MODULES = YES;
				CLANG_ENABLE_OBJC_ARC = YES;
				CLANG_ENABLE_OBJC_WEAK = YES;
				CLANG_WARN_BLOCK_CAPTURE_AUTORELEASING = YES;
				CLANG_WARN_BOOL_CONVERSION = YES;
				CLANG_WARN_COMMA = YES;
				CLANG_WARN_CONSTANT_CONVERSION = YES;
				CLANG_WARN_DEPRECATED_OBJC_IMPLEMENTATIONS = YES;
				CLANG_WARN_DIRECT_OBJC_ISA_USAGE = YES_ERROR;
				CLANG_WARN_DOCUMENTATION_COMMENTS = YES;
				CLANG_WARN_EMPTY_BODY = YES;
				CLANG_WARN_ENUM_CONVERSION = YES;
				CLANG_WARN_INFINITE_RECURSION = YES;
				CLANG_WARN_INT_CONVERSION = YES;
				CLANG_WARN_NON_LITERAL_NULL_CONVERSION = YES;
				CLANG_WARN_OBJC_IMPLICIT_RETAIN_SELF = YES;
				CLANG_WARN_OBJC_LITERAL_CONVERSION = YES;
				CLANG_WARN_OBJC_ROOT_CLASS = YES_ERROR;
				CLANG_WARN_QUOTED_INCLUDE_IN_FRAMEWORK_HEADER = YES;
				CLANG_WARN_RANGE_LOOP_ANALYSIS = YES;
				CLANG_WARN_STRICT_PROTOTYPES = YES;
				CLANG_WARN_SUSPICIOUS_MOVE = YES;
				CLANG_WARN_UNGUARDED_AVAILABILITY = YES_AGGRESSIVE;
				CLANG_WARN_UNREACHABLE_CODE = YES;
				CLANG_WARN__DUPLICATE_METHOD_MATCH = YES;
				COPY_PHASE_STRIP = NO;
				DEBUG_INFORMATION_FORMAT = "dwarf-with-dsym";
				ENABLE_NS_ASSERTIONS = NO;
				ENABLE_STRICT_OBJC_MSGSEND = YES;
				ENABLE_USER_SCRIPT_SANDBOXING = YES;
				GCC_C_LANGUAGE_STANDARD = gnu17;
				GCC_NO_COMMON_BLOCKS = YES;
				GCC_WARN_64_TO_32_BIT_CONVERSION = YES;
				GCC_WARN_ABOUT_RETURN_TYPE = YES_ERROR;
				GCC_WARN_UNDECLARED_SELECTOR = YES;
				GCC_WARN_UNINITIALIZED_AUTOS = YES_AGGRESSIVE;
				GCC_WARN_UNUSED_FUNCTION = YES;
				GCC_WARN_UNUSED_VARIABLE = YES;
				LOCALIZATION_PREFERS_STRING_CATALOGS = YES;
				MTL_ENABLE_DEBUG_INFO = NO;
				MTL_FAST_MATH = YES;
				SDKROOT = xros;
				SWIFT_COMPILATION_MODE = wholemodule;
				VALIDATE_PRODUCT = YES;
				XROS_DEPLOYMENT_TARGET = 1.0;
			};
			name = Release;
		};
		8D339B012BF9DABC002AE8ED /* Debug */ = {
			isa = XCBuildConfiguration;
			buildSettings = {
				ASSETCATALOG_COMPILER_APPICON_NAME = AppIcon;
				ASSETCATALOG_COMPILER_GLOBAL_ACCENT_COLOR_NAME = AccentColor;
				CODE_SIGN_STYLE = Automatic;
				CURRENT_PROJECT_VERSION = 1;
				DEVELOPMENT_ASSET_PATHS = "\"XRSharpCalculator/Preview Content\"";
				ENABLE_PREVIEWS = YES;
				FRAMEWORK_SEARCH_PATHS = (
					"$(inherited)",
					"$(PROJECT_DIR)",
				);
				GENERATE_INFOPLIST_FILE = YES;
				INFOPLIST_FILE = "$(TARGET_NAME)/Info.plist";
				LD_RUNPATH_SEARCH_PATHS = (
					"$(inherited)",
					"@executable_path/Frameworks",
				);
				MARKETING_VERSION = 1.0;
				PRODUCT_BUNDLE_IDENTIFIER = Userware.XRSharpCalculator;
				PRODUCT_NAME = "$(TARGET_NAME)";
				SUPPORTED_PLATFORMS = "xros xrsimulator";
				SWIFT_EMIT_LOC_STRINGS = YES;
				SWIFT_VERSION = 5.0;
				TARGETED_DEVICE_FAMILY = "1,2,7";
			};
			name = Debug;
		};
		8D339B022BF9DABC002AE8ED /* Release */ = {
			isa = XCBuildConfiguration;
			buildSettings = {
				ASSETCATALOG_COMPILER_APPICON_NAME = AppIcon;
				ASSETCATALOG_COMPILER_GLOBAL_ACCENT_COLOR_NAME = AccentColor;
				CODE_SIGN_STYLE = Automatic;
				CURRENT_PROJECT_VERSION = 1;
				DEVELOPMENT_ASSET_PATHS = "\"XRSharpCalculator/Preview Content\"";
				ENABLE_PREVIEWS = YES;
				FRAMEWORK_SEARCH_PATHS = (
					"$(inherited)",
					"$(PROJECT_DIR)",
				);
				GENERATE_INFOPLIST_FILE = YES;
				INFOPLIST_FILE = "$(TARGET_NAME)/Info.plist";
				LD_RUNPATH_SEARCH_PATHS = (
					"$(inherited)",
					"@executable_path/Frameworks",
				);
				MARKETING_VERSION = 1.0;
				PRODUCT_BUNDLE_IDENTIFIER = Userware.XRSharpCalculator;
				PRODUCT_NAME = "$(TARGET_NAME)";
				SUPPORTED_PLATFORMS = "xros xrsimulator";
				SWIFT_EMIT_LOC_STRINGS = YES;
				SWIFT_VERSION = 5.0;
				TARGETED_DEVICE_FAMILY = "1,2,7";
			};
			name = Release;
		};
/* End XCBuildConfiguration section */

/* Begin XCConfigurationList section */
		8D339AE62BF9DABB002AE8ED /* Build configuration list for PBXProject "XRSharpCalculator" */ = {
			isa = XCConfigurationList;
			buildConfigurations = (
				8D339AFE2BF9DABC002AE8ED /* Debug */,
				8D339AFF2BF9DABC002AE8ED /* Release */,
			);
			defaultConfigurationIsVisible = 0;
			defaultConfigurationName = Release;
		};
		8D339B002BF9DABC002AE8ED /* Build configuration list for PBXNativeTarget "XRSharpCalculator" */ = {
			isa = XCConfigurationList;
			buildConfigurations = (
				8D339B012BF9DABC002AE8ED /* Debug */,
				8D339B022BF9DABC002AE8ED /* Release */,
			);
			defaultConfigurationIsVisible = 0;
			defaultConfigurationName = Release;
		};
/* End XCConfigurationList section */

/* Begin XCRemoteSwiftPackageReference section */
		8DF43DC02BF9E7CE0010D829 /* XCRemoteSwiftPackageReference "vapor" */ = {
			isa = XCRemoteSwiftPackageReference;
			repositoryURL = "https://github.com/vapor/vapor.git";
			requirement = {
				kind = exactVersion;
				version = 4.92.5;
			};
		};
/* End XCRemoteSwiftPackageReference section */

/* Begin XCSwiftPackageProductDependency section */
		8D339AF02BF9DABB002AE8ED /* RealityKitContent */ = {
			isa = XCSwiftPackageProductDependency;
			productName = RealityKitContent;
		};
		8DF43DC12BF9E7CE0010D829 /* Vapor */ = {
			isa = XCSwiftPackageProductDependency;
			package = 8DF43DC02BF9E7CE0010D829 /* XCRemoteSwiftPackageReference "vapor" */;
			productName = Vapor;
		};
/* End XCSwiftPackageProductDependency section */
	};
	rootObject = 8D339AE32BF9DABB002AE8ED /* Project object */;
}
